
Microsoft Visual Studio Solution File, Format Version 12.00
# Visual Studio Version 16
VisualStudioVersion = 16.0.30611.23
MinimumVisualStudioVersion = 10.0.40219.1
Project("{FAE04EC0-301F-11D3-BF4B-00C04F79EFBC}") = "PropHunt.Server", "PropHunt.Server\PropHunt.Server.csproj", "{F8AB4E4B-B922-41F7-B90F-39A67D7FDA86}"
EndProject
Project("{FAE04EC0-301F-11D3-BF4B-00C04F79EFBC}") = "PropHunt.Client", "PropHunt.Client\PropHunt.Client.csproj", "{A85A3E9E-32C5-4FFC-8638-B62375C0E6FE}"
EndProject
Project("{FAE04EC0-301F-11D3-BF4B-00C04F79EFBC}") = "PropHunt.Shared", "PropHunt.Shared\PropHunt.Shared.csproj", "{A37BD69D-45C5-43AC-A3A8-CE2093C249EF}"
EndProject
Global
	GlobalSection(SolutionConfigurationPlatforms) = preSolution
		Debug|Any CPU = Debug|Any CPU
		Release|Any CPU = Release|Any CPU
	EndGlobalSection
	GlobalSection(ProjectConfigurationPlatforms) = postSolution
		{F8AB4E4B-B922-41F7-B90F-39A67D7FDA86}.Debug|Any CPU.ActiveCfg = Debug|Any CPU
		{F8AB4E4B-B922-41F7-B90F-39A67D7FDA86}.Debug|Any CPU.Build.0 = Debug|Any CPU
		{F8AB4E4B-B922-41F7-B90F-39A67D7FDA86}.Release|Any CPU.ActiveCfg = Release|Any CPU
		{F8AB4E4B-B922-41F7-B90F-39A67D7FDA86}.Release|Any CPU.Build.0 = Release|Any CPU
		{A85A3E9E-32C5-4FFC-8638-B62375C0E6FE}.Debug|Any CPU.ActiveCfg = Debug|Any CPU
		{A85A3E9E-32C5-4FFC-8638-B62375C0E6FE}.Debug|Any CPU.Build.0 = Debug|Any CPU
		{A85A3E9E-32C5-4FFC-8638-B62375C0E6FE}.Release|Any CPU.ActiveCfg = Release|Any CPU
		{A85A3E9E-32C5-4FFC-8638-B62375C0E6FE}.Release|Any CPU.Build.0 = Release|Any CPU
		{A37BD69D-45C5-43AC-A3A8-CE2093C249EF}.Debug|Any CPU.ActiveCfg = Debug|Any CPU
		{A37BD69D-45C5-43AC-A3A8-CE2093C249EF}.Debug|Any CPU.Build.0 = Debug|Any CPU
		{A37BD69D-45C5-43AC-A3A8-CE2093C249EF}.Release|Any CPU.ActiveCfg = Release|Any CPU
		{A37BD69D-45C5-43AC-A3A8-CE2093C249EF}.Release|Any CPU.Build.0 = Release|Any CPU
	EndGlobalSection
	GlobalSection(SolutionProperties) = preSolution
		HideSolutionNode = FALSE
	EndGlobalSection
	GlobalSection(ExtensibilityGlobals) = postSolution
		SolutionGuid = {E92AF26C-7441-443A-A50C-C9B807D6C41E}
	EndGlobalSection
EndGlobal
